<?xml version="1.0" encoding="utf-8"?>
<Project ToolsVersion="4.0" xmlns="http://schemas.microsoft.com/developer/msbuild/2003">
  <ItemGroup>
    <Filter Include="Source Files">
      <UniqueIdentifier>{4FC737F1-C7A5-4376-A066-2A32D752A2FF}</UniqueIdentifier>
      <Extensions>cpp;c;cc;cxx;def;odl;idl;hpj;bat;asm;asmx</Extensions>
    </Filter>
    <Filter Include="Header Files">
      <UniqueIdentifier>{93995380-89BD-4b04-88EB-625FBE52EBFB}</UniqueIdentifier>
      <Extensions>h;hh;hpp;hxx;hm;inl;inc;xsd</Extensions>
    </Filter>
    <Filter Include="Resource Files">
      <UniqueIdentifier>{67DA6AB6-F800-4c08-8B7A-83BB121AAD01}</UniqueIdentifier>
      <Extensions>rc;ico;cur;bmp;dlg;rc2;rct;bin;rgs;gif;jpg;jpeg;jpe;resx;tiff;tif;png;wav;mfcribbon-ms</Extensions>
    </Filter>
    <Filter Include="Header Files\Particle System">
      <UniqueIdentifier>{11a0a77d-8ea8-4607-97b4-2fb3fbc4ecd7}</UniqueIdentifier>
    </Filter>
    <Filter Include="Header Files\Game States">
      <UniqueIdentifier>{693917f4-4da3-4dea-be51-1679dc98e44e}</UniqueIdentifier>
    </Filter>
    <Filter Include="Header Files\Helper Classes">
      <UniqueIdentifier>{ae96a0f8-f8cb-483b-ab6a-13969e35b1c8}</UniqueIdentifier>
    </Filter>
    <Filter Include="Source Files\Game States">
      <UniqueIdentifier>{683c48d8-d352-4ee9-9c7d-fc9f68780341}</UniqueIdentifier>
    </Filter>
    <Filter Include="Source Files\Particle System">
      <UniqueIdentifier>{154861f2-6621-4938-886c-4ca24a19c401}</UniqueIdentifier>
    </Filter>
    <Filter Include="Source Files\Helper Classes">
      <UniqueIdentifier>{af21749b-26da-4774-ae56-1549fca677f0}</UniqueIdentifier>
    </Filter>
  </ItemGroup>
  <ItemGroup>
    <ClCompile Include="CoreGame.cpp">
      <Filter>Source Files</Filter>
    </ClCompile>
    <ClCompile Include="Globals.cpp">
      <Filter>Source Files</Filter>
    </ClCompile>
    <ClCompile Include="Main.cpp">
      <Filter>Source Files</Filter>
    </ClCompile>
    <ClCompile Include="CIntroState.cpp">
      <Filter>Source Files\Game States</Filter>
    </ClCompile>
    <ClCompile Include="CParticle.cpp">
      <Filter>Source Files\Particle System</Filter>
    </ClCompile>
    <ClCompile Include="CParticleSys.cpp">
      <Filter>Source Files\Particle System</Filter>
    </ClCompile>
    <ClCompile Include="CParticleSysMan.cpp">
      <Filter>Source Files\Particle System</Filter>
    </ClCompile>
    <ClCompile Include="CTexture.cpp">
      <Filter>Source Files\Helper Classes</Filter>
    </ClCompile>
    <ClCompile Include="CButton.cpp">
      <Filter>Source Files\Helper Classes</Filter>
    </ClCompile>
    <ClCompile Include="CStartMenuState.cpp">
      <Filter>Source Files\Game States</Filter>
    </ClCompile>
    <ClCompile Include="CInGameState.cpp">
      <Filter>Source Files\Game States</Filter>
    </ClCompile>
    <ClCompile Include="CPauseState.cpp">
      <Filter>Source Files\Game States</Filter>
    </ClCompile>
    <ClCompile Include="CBoard.cpp">
      <Filter>Source Files</Filter>
    </ClCompile>
    <ClCompile Include="CBlock.cpp">
      <Filter>Source Files</Filter>
    </ClCompile>
    <ClCompile Include="CGameOverState.cpp">
      <Filter>Source Files\Game States</Filter>
    </ClCompile>
    <ClCompile Include="CEnterNameState.cpp">
      <Filter>Source Files\Game States</Filter>
    </ClCompile>
    <ClCompile Include="CHighScoreState.cpp">
      <Filter>Source Files\Game States</Filter>
    </ClCompile>
    <ClCompile Include="CControlsState.cpp">
      <Filter>Source Files\Game States</Filter>
    </ClCompile>
  </ItemGroup>
  <ItemGroup>
    <ClInclude Include="CoreGame.h">
      <Filter>Header Files</Filter>
    </ClInclude>
    <ClInclude Include="Globals.h">
      <Filter>Header Files</Filter>
    </ClInclude>
    <ClInclude Include="CParticleSys.h">
      <Filter>Header Files\Particle System</Filter>
    </ClInclude>
    <ClInclude Include="CParticle.h">
      <Filter>Header Files\Particle System</Filter>
    </ClInclude>
    <ClInclude Include="CParticleSysMan.h">
      <Filter>Header Files\Particle System</Filter>
    </ClInclude>
    <ClInclude Include="CIntroState.h">
      <Filter>Header Files\Game States</Filter>
    </ClInclude>
    <ClInclude Include="CButton.h">
      <Filter>Header Files\Helper Classes</Filter>
    </ClInclude>
    <ClInclude Include="CTexture.h">
      <Filter>Header Files\Helper Classes</Filter>
    </ClInclude>
    <ClInclude Include="CStartMenuState.h">
      <Filter>Header Files\Game States</Filter>
    </ClInclude>
    <ClInclude Include="CInGameState.h">
      <Filter>Header Files\Game States</Filter>
    </ClInclude>
    <ClInclude Include="CPauseState.h">
      <Filter>Header Files\Game States</Filter>
    </ClInclude>
    <ClInclude Include="CBoard.h">
      <Filter>Header Files</Filter>
    </ClInclude>
    <ClInclude Include="CBlock.h">
      <Filter>Header Files</Filter>
    </ClInclude>
    <ClInclude Include="CGameOverState.h">
      <Filter>Header Files\Game States</Filter>
    </ClInclude>
    <ClInclude Include="CEnterNameState.h">
      <Filter>Header Files\Game States</Filter>
    </ClInclude>
    <ClInclude Include="CHighScoreState.h">
      <Filter>Header Files\Game States</Filter>
    </ClInclude>
    <ClInclude Include="CControlsState.h">
      <Filter>Header Files\Game States</Filter>
    </ClInclude>
  </ItemGroup>
</Project>